
Microsoft Visual Studio Solution File, Format Version 12.00
# Visual Studio Version 16
VisualStudioVersion = 16.0.31515.178
MinimumVisualStudioVersion = 10.0.40219.1
Project("{FAE04EC0-301F-11D3-BF4B-00C04F79EFBC}") = "JWTProvider", "JWTProvider.csproj", "{614B1CEF-1350-4ED3-8998-0E0C36D53A3F}"
EndProject
Global
	GlobalSection(SolutionConfigurationPlatforms) = preSolution
		Debug|Any CPU = Debug|Any CPU
		Release|Any CPU = Release|Any CPU
	EndGlobalSection
	GlobalSection(ProjectConfigurationPlatforms) = postSolution
		{614B1CEF-1350-4ED3-8998-0E0C36D53A3F}.Debug|Any CPU.ActiveCfg = Debug|Any CPU
		{614B1CEF-1350-4ED3-8998-0E0C36D53A3F}.Debug|Any CPU.Build.0 = Debug|Any CPU
		{614B1CEF-1350-4ED3-8998-0E0C36D53A3F}.Release|Any CPU.ActiveCfg = Release|Any CPU
		{614B1CEF-1350-4ED3-8998-0E0C36D53A3F}.Release|Any CPU.Build.0 = Release|Any CPU
	EndGlobalSection
	GlobalSection(SolutionProperties) = preSolution
		HideSolutionNode = FALSE
	EndGlobalSection
	GlobalSection(ExtensibilityGlobals) = postSolution
		SolutionGuid = {6EC8FC17-7281-4E83-9021-72D9A9FBFBFF}
	EndGlobalSection
EndGlobal
