
Microsoft Visual Studio Solution File, Format Version 12.00
# Visual Studio Version 16
VisualStudioVersion = 25.0.1700.5
MinimumVisualStudioVersion = 10.0.40219.1
Project("{FAE04EC0-301F-11D3-BF4B-00C04F79EFBC}") = "Test.Common", "Test.Common.csproj", "{261BA07F-8371-4CFA-8BD0-E3C7EDE2AC0D}"
EndProject
Global
	GlobalSection(SolutionConfigurationPlatforms) = preSolution
		Debug|Any CPU = Debug|Any CPU
		Release|Any CPU = Release|Any CPU
	EndGlobalSection
	GlobalSection(ProjectConfigurationPlatforms) = postSolution
		{261BA07F-8371-4CFA-8BD0-E3C7EDE2AC0D}.Debug|Any CPU.ActiveCfg = Debug|Any CPU
		{261BA07F-8371-4CFA-8BD0-E3C7EDE2AC0D}.Debug|Any CPU.Build.0 = Debug|Any CPU
		{261BA07F-8371-4CFA-8BD0-E3C7EDE2AC0D}.Release|Any CPU.ActiveCfg = Release|Any CPU
		{261BA07F-8371-4CFA-8BD0-E3C7EDE2AC0D}.Release|Any CPU.Build.0 = Release|Any CPU
	EndGlobalSection
	GlobalSection(SolutionProperties) = preSolution
		HideSolutionNode = FALSE
	EndGlobalSection
	GlobalSection(ExtensibilityGlobals) = postSolution
		SolutionGuid = {7D4AFFE9-3022-457D-95B8-202D4C5B621D}
	EndGlobalSection
EndGlobal
